{
  "nodes": {
    "agenix": {
      "inputs": {
        "darwin": [],
        "home-manager": [
          "home-manager"
        ],
        "nixpkgs": [
          "nixpkgs"
        ],
        "systems": [
          "systems"
        ]
      },
      "locked": {
        "lastModified": 1770165109,
        "narHash": "sha256-9VnK6Oqai65puVJ4WYtCTvlJeXxMzAp/69HhQuTdl/I=",
        "owner": "ryantm",
        "repo": "agenix",
        "rev": "b027ee29d959fda4b60b57566d64c98a202e0feb",
        "type": "github"
      },
      "original": {
        "owner": "ryantm",
        "repo": "agenix",
        "type": "github"
      }
    },
    "blueprint": {
      "inputs": {
        "nixpkgs": [
          "nixpkgs"
        ],
        "systems": [
          "systems"
        ]
      },
      "locked": {
        "lastModified": 1776249299,
        "narHash": "sha256-Dt9t1TGRmJFc0xVYhttNBD6QsAgHOHCArqGa0AyjrJY=",
        "owner": "numtide",
        "repo": "blueprint",
        "rev": "56131e8628f173d24a27f6d27c0215eff57e40dd",
        "type": "github"
      },
      "original": {
        "owner": "numtide",
        "repo": "blueprint",
        "type": "github"
      }
    },
    "claude-desktop-debian": {
      "inputs": {
        "flake-parts": "flake-parts",
        "nixpkgs": [
          "nixpkgs"
        ]
      },
      "locked": {
        "lastModified": 1779500429,
        "narHash": "sha256-+I4+5EvY1QR0hZsIuoVYqMbXGa6dWYpgmcjCIZ+MN8U=",
        "owner": "aaddrick",
        "repo": "claude-desktop-debian",
        "rev": "b8fe6b850266c25b6e588ac82202ea9cfb9294e3",
        "type": "github"
      },
      "original": {
        "owner": "aaddrick",
        "repo": "claude-desktop-debian",
        "type": "github"
      }
    },
    "devshell": {
      "inputs": {
        "nixpkgs": [
          "nixpkgs"
        ]
      },
      "locked": {
        "lastModified": 1768818222,
        "narHash": "sha256-460jc0+CZfyaO8+w8JNtlClB2n4ui1RbHfPTLkpwhU8=",
        "owner": "numtide",
        "repo": "devshell",
        "rev": "255a2b1725a20d060f566e4755dbf571bbbb5f76",
        "type": "github"
      },
      "original": {
        "owner": "numtide",
        "repo": "devshell",
        "type": "github"
      }
    },
    "disko": {
      "inputs": {
        "nixpkgs": [
          "nixpkgs"
        ]
      },
      "locked": {
        "lastModified": 1779226674,
        "narHash": "sha256-wuOkjI6pRiN4sEn/EPBRnNW5cmcpvd7xtIM8y5LooAs=",
        "owner": "nix-community",
        "repo": "disko",
        "rev": "65fb947964bd44fc0008faf77d1fcb7a9f40bb32",
        "type": "github"
      },
      "original": {
        "owner": "nix-community",
        "repo": "disko",
        "type": "github"
      }
    },
    "flake-parts": {
      "inputs": {
        "nixpkgs-lib": "nixpkgs-lib"
      },
      "locked": {
        "lastModified": 1778716662,
        "narHash": "sha256-m1Yf0wZ8j1OHjTc2UwHwyQRSnNeSgLJOd7q5Y45hzi4=",
        "owner": "hercules-ci",
        "repo": "flake-parts",
        "rev": "f7c1a2d347e4c52d5fb8d10cb4d94b5884e546fb",
        "type": "github"
      },
      "original": {
        "owner": "hercules-ci",
        "repo": "flake-parts",
        "type": "github"
      }
    },
    "flake-parts_2": {
      "inputs": {
        "nixpkgs-lib": [
          "nixpkgs-lib"
        ]
      },
      "locked": {
        "lastModified": 1778716662,
        "narHash": "sha256-m1Yf0wZ8j1OHjTc2UwHwyQRSnNeSgLJOd7q5Y45hzi4=",
        "owner": "hercules-ci",
        "repo": "flake-parts",
        "rev": "f7c1a2d347e4c52d5fb8d10cb4d94b5884e546fb",
        "type": "github"
      },
      "original": {
        "owner": "hercules-ci",
        "repo": "flake-parts",
        "type": "github"
      }
    },
    "flake-parts_3": {
      "inputs": {
        "nixpkgs-lib": [
          "hermes-agent",
          "nixpkgs"
        ]
      },
      "locked": {
        "lastModified": 1772408722,
        "narHash": "sha256-rHuJtdcOjK7rAHpHphUb1iCvgkU3GpfvicLMwwnfMT0=",
        "owner": "hercules-ci",
        "repo": "flake-parts",
        "rev": "f20dc5d9b8027381c474144ecabc9034d6a839a3",
        "type": "github"
      },
      "original": {
        "owner": "hercules-ci",
        "repo": "flake-parts",
        "type": "github"
      }
    },
    "flake-utils": {
      "inputs": {
        "systems": "systems"
      },
      "locked": {
        "lastModified": 1731533236,
        "narHash": "sha256-l0KFg5HjrsfsO/JpG+r7fRrqm12kzFHyUHqHCVpMMbI=",
        "owner": "numtide",
        "repo": "flake-utils",
        "rev": "11707dc2f618dd54ca8739b309ec4fc024de578b",
        "type": "github"
      },
      "original": {
        "id": "flake-utils",
        "type": "indirect"
      }
    },
    "hermes-agent": {
      "inputs": {
        "flake-parts": "flake-parts_3",
        "nixpkgs": "nixpkgs",
        "npm-lockfile-fix": "npm-lockfile-fix",
        "pyproject-build-systems": "pyproject-build-systems",
        "pyproject-nix": "pyproject-nix_2",
        "uv2nix": "uv2nix_2"
      },
      "locked": {
        "lastModified": 1779585557,
        "narHash": "sha256-1+/qntvgD6kGWz1g0NZpdV8oynarybnU2vWDM1mD1EE=",
        "owner": "NousResearch",
        "repo": "hermes-agent",
        "rev": "72ff3e909c73b625ee244ab5ea3d0608ee85dcf3",
        "type": "github"
      },
      "original": {
        "owner": "NousResearch",
        "repo": "hermes-agent",
        "type": "github"
      }
    },
    "home-manager": {
      "inputs": {
        "nixpkgs": [
          "nixpkgs"
        ]
      },
      "locked": {
        "lastModified": 1779506708,
        "narHash": "sha256-QOD/CNm196nCJRheux/URi4/HE66fthdOMqCJoPP1Y0=",
        "owner": "nix-community",
        "repo": "home-manager",
        "rev": "3ee51fbdac8c8bdfe1e7e1fcaba6520a563f394f",
        "type": "github"
      },
      "original": {
        "owner": "nix-community",
        "ref": "release-25.11",
        "repo": "home-manager",
        "type": "github"
      }
    },
    "nix-comfyui": {
      "inputs": {
        "flake-utils": "flake-utils",
        "nixpkgs": "nixpkgs_2",
        "poetry2nix": "poetry2nix"
      },
      "locked": {
        "lastModified": 1733961600,
        "narHash": "sha256-kEM0Dck4K4dg9QYmdldy62av+XzsNz9XhfTAhtGWwzo=",
        "owner": "dyscorv",
        "repo": "nix-comfyui",
        "rev": "cbd17e10b53dcf8fd9f5ba6f3c1ea1a550082659",
        "type": "github"
      },
      "original": {
        "owner": "dyscorv",
        "repo": "nix-comfyui",
        "type": "github"
      }
    },
    "nix-fast-build": {
      "inputs": {
        "flake-parts": [
          "flake-parts"
        ],
        "nixpkgs": [
          "nixpkgs"
        ],
        "treefmt-nix": [
          "treefmt-nix"
        ]
      },
      "locked": {
        "lastModified": 1779021421,
        "narHash": "sha256-EL66LU1TCXIava+cBhG/tBIm6Izxkdb4P9ZLZl/wtTk=",
        "owner": "Mic92",
        "repo": "nix-fast-build",
        "rev": "ab8dadc27c73855a958198c6f994398f0e84d2ab",
        "type": "github"
      },
      "original": {
        "owner": "Mic92",
        "repo": "nix-fast-build",
        "type": "github"
      }
    },
    "nix-github-actions": {
      "inputs": {
        "nixpkgs": [
          "nix-comfyui",
          "poetry2nix",
          "nixpkgs"
        ]
      },
      "locked": {
        "lastModified": 1729742964,
        "narHash": "sha256-B4mzTcQ0FZHdpeWcpDYPERtyjJd/NIuaQ9+BV1h+MpA=",
        "owner": "nix-community",
        "repo": "nix-github-actions",
        "rev": "e04df33f62cdcf93d73e9a04142464753a16db67",
        "type": "github"
      },
      "original": {
        "owner": "nix-community",
        "repo": "nix-github-actions",
        "type": "github"
      }
    },
    "nix-vm-test": {
      "inputs": {
        "nixpkgs": [
          "nixos-anywhere",
          "nixpkgs"
        ]
      },
      "locked": {
        "lastModified": 1776950483,
        "narHash": "sha256-ciWvxGmVY4axQSVpUpCUFM1ejHb1LyZ54TrTPeDL3aU=",
        "owner": "a-kenji",
        "repo": "nix-vm-test",
        "rev": "f02b5e1bb5bcb0dbdb60e402fa567f1ceab1af11",
        "type": "github"
      },
      "original": {
        "owner": "a-kenji",
        "ref": "pr-105-latest",
        "repo": "nix-vm-test",
        "type": "github"
      }
    },
    "nixos-anywhere": {
      "inputs": {
        "disko": [
          "disko"
        ],
        "flake-parts": [
          "flake-parts"
        ],
        "nix-vm-test": "nix-vm-test",
        "nixos-images": "nixos-images",
        "nixos-stable": [
          "nixpkgs"
        ],
        "nixpkgs": [
          "nixpkgs-unstable"
        ],
        "treefmt-nix": [
          "treefmt-nix"
        ]
      },
      "locked": {
        "lastModified": 1779181879,
        "narHash": "sha256-ZD5FSHjtJ1AwznPA72jF7Eg1cz3DxJsgY9kd3iK/ZOE=",
        "owner": "nix-community",
        "repo": "nixos-anywhere",
        "rev": "0416d53f4eea9445fafa4e2a5d5f6eec4284b1b6",
        "type": "github"
      },
      "original": {
        "owner": "nix-community",
        "repo": "nixos-anywhere",
        "type": "github"
      }
    },
    "nixos-facter-modules": {
      "locked": {
        "lastModified": 1773858690,
        "narHash": "sha256-oW0/lC0oRG5H5LaK6Rmh9L1wmkn9TbenM4bXwnIEDKA=",
        "owner": "numtide",
        "repo": "nixos-facter-modules",
        "rev": "139dcef4dfc97009629c445806f197883351ab4a",
        "type": "github"
      },
      "original": {
        "owner": "numtide",
        "repo": "nixos-facter-modules",
        "type": "github"
      }
    },
    "nixos-generators": {
      "inputs": {
        "nixlib": [
          "nixpkgs-lib"
        ],
        "nixpkgs": [
          "nixpkgs"
        ]
      },
      "locked": {
        "lastModified": 1769813415,
        "narHash": "sha256-nnVmNNKBi1YiBNPhKclNYDORoHkuKipoz7EtVnXO50A=",
        "owner": "nix-community",
        "repo": "nixos-generators",
        "rev": "8946737ff703382fda7623b9fab071d037e897d5",
        "type": "github"
      },
      "original": {
        "owner": "nix-community",
        "repo": "nixos-generators",
        "type": "github"
      }
    },
    "nixos-hardware": {
      "locked": {
        "lastModified": 1779258371,
        "narHash": "sha256-j1iZsLy6oFApqR1oiDmHhvkwxXqcNi0aoSJj643LuwU=",
        "owner": "NixOS",
        "repo": "nixos-hardware",
        "rev": "c97bc4d15bd3473dd095e8e8ba57330ab1943a77",
        "type": "github"
      },
      "original": {
        "owner": "NixOS",
        "repo": "nixos-hardware",
        "type": "github"
      }
    },
    "nixos-images": {
      "inputs": {
        "nixos-stable": [
          "nixos-anywhere",
          "nixos-stable"
        ],
        "nixos-unstable": [
          "nixos-anywhere",
          "nixpkgs"
        ]
      },
      "locked": {
        "lastModified": 1778754897,
        "narHash": "sha256-UlPBPrqOYTDB9g/8pUaIUzYpGgjQL/YMK3Ein6m9DkY=",
        "owner": "nix-community",
        "repo": "nixos-images",
        "rev": "66fe34a02cc29c825fdb4ece1a79c17e8f2ade2e",
        "type": "github"
      },
      "original": {
        "owner": "nix-community",
        "repo": "nixos-images",
        "type": "github"
      }
    },
    "nixpkgs": {
      "locked": {
        "lastModified": 1775036866,
        "narHash": "sha256-ZojAnPuCdy657PbTq5V0Y+AHKhZAIwSIT2cb8UgAz/U=",
        "owner": "NixOS",
        "repo": "nixpkgs",
        "rev": "6201e203d09599479a3b3450ed24fa81537ebc4e",
        "type": "github"
      },
      "original": {
        "owner": "NixOS",
        "ref": "nixos-unstable",
        "repo": "nixpkgs",
        "type": "github"
      }
    },
    "nixpkgs-lib": {
      "locked": {
        "lastModified": 1777168982,
        "narHash": "sha256-GOkGPcboWE9BmGCRMLX3worL4EMnsnG8MyKmXNeYuhQ=",
        "owner": "nix-community",
        "repo": "nixpkgs.lib",
        "rev": "f5901329dade4a6ea039af1433fb087bd9c1fe14",
        "type": "github"
      },
      "original": {
        "owner": "nix-community",
        "repo": "nixpkgs.lib",
        "type": "github"
      }
    },
    "nixpkgs-lib_2": {
      "locked": {
        "lastModified": 1778984393,
        "narHash": "sha256-r755Kh5Q0XBTPNuv9rL2rsUJTq8BDhb+lIwRWhl6yYA=",
        "owner": "nix-community",
        "repo": "nixpkgs.lib",
        "rev": "0d14a58ab7aa3f513c58ccc9e47e77ffd92be204",
        "type": "github"
      },
      "original": {
        "owner": "nix-community",
        "repo": "nixpkgs.lib",
        "type": "github"
      }
    },
    "nixpkgs-unstable": {
      "locked": {
        "lastModified": 1779508470,
        "narHash": "sha256-Ap9KJX+5xHIn3bPIpfNgT6MEXdAECECwo4/rmlQD74M=",
        "owner": "NixOS",
        "repo": "nixpkgs",
        "rev": "29916453413845e54a65b8a1cf996842300cd299",
        "type": "github"
      },
      "original": {
        "owner": "NixOS",
        "ref": "nixos-unstable",
        "repo": "nixpkgs",
        "type": "github"
      }
    },
    "nixpkgs_2": {
      "locked": {
        "lastModified": 1733749988,
        "narHash": "sha256-+5qdtgXceqhK5ZR1YbP1fAUsweBIrhL38726oIEAtDs=",
        "owner": "NixOS",
        "repo": "nixpkgs",
        "rev": "bc27f0fde01ce4e1bfec1ab122d72b7380278e68",
        "type": "github"
      },
      "original": {
        "id": "nixpkgs",
        "type": "indirect"
      }
    },
    "nixpkgs_3": {
      "locked": {
        "lastModified": 1779102034,
        "narHash": "sha256-vZJZjLo513IeI8hjzHFc6TDezUd4uCE2Eq4SNO3DNNg=",
        "owner": "NixOS",
        "repo": "nixpkgs",
        "rev": "687f05a9184cad4eaf905c48b63649e3a86f5433",
        "type": "github"
      },
      "original": {
        "owner": "NixOS",
        "ref": "nixos-25.11",
        "repo": "nixpkgs",
        "type": "github"
      }
    },
    "npm-lockfile-fix": {
      "inputs": {
        "nixpkgs": [
          "hermes-agent",
          "nixpkgs"
        ]
      },
      "locked": {
        "lastModified": 1775903712,
        "narHash": "sha256-2GV79U6iVH4gKAPWYrxUReB0S41ty/Y3dBLquU8AlaA=",
        "owner": "jeslie0",
        "repo": "npm-lockfile-fix",
        "rev": "c6093acb0c0548e0f9b8b3d82918823721930fe8",
        "type": "github"
      },
      "original": {
        "owner": "jeslie0",
        "repo": "npm-lockfile-fix",
        "type": "github"
      }
    },
    "poetry2nix": {
      "inputs": {
        "flake-utils": [
          "nix-comfyui",
          "flake-utils"
        ],
        "nix-github-actions": "nix-github-actions",
        "nixpkgs": [
          "nix-comfyui",
          "nixpkgs"
        ],
        "systems": [
          "nix-comfyui",
          "flake-utils",
          "systems"
        ],
        "treefmt-nix": "treefmt-nix"
      },
      "locked": {
        "lastModified": 1731205797,
        "narHash": "sha256-F7N1mxH1VrkVNHR3JGNMRvp9+98KYO4b832KS8Gl2xI=",
        "owner": "nix-community",
        "repo": "poetry2nix",
        "rev": "f554d27c1544d9c56e5f1f8e2b8aff399803674e",
        "type": "github"
      },
      "original": {
        "id": "poetry2nix",
        "type": "indirect"
      }
    },
    "pyproject-build-systems": {
      "inputs": {
        "nixpkgs": [
          "hermes-agent",
          "nixpkgs"
        ],
        "pyproject-nix": "pyproject-nix",
        "uv2nix": "uv2nix"
      },
      "locked": {
        "lastModified": 1772555609,
        "narHash": "sha256-3BA3HnUvJSbHJAlJj6XSy0Jmu7RyP2gyB/0fL7XuEDo=",
        "owner": "pyproject-nix",
        "repo": "build-system-pkgs",
        "rev": "c37f66a953535c394244888598947679af231863",
        "type": "github"
      },
      "original": {
        "owner": "pyproject-nix",
        "repo": "build-system-pkgs",
        "type": "github"
      }
    },
    "pyproject-nix": {
      "inputs": {
        "nixpkgs": [
          "hermes-agent",
          "pyproject-build-systems",
          "nixpkgs"
        ]
      },
      "locked": {
        "lastModified": 1769936401,
        "narHash": "sha256-kwCOegKLZJM9v/e/7cqwg1p/YjjTAukKPqmxKnAZRgA=",
        "owner": "nix-community",
        "repo": "pyproject.nix",
        "rev": "b0d513eeeebed6d45b4f2e874f9afba2021f7812",
        "type": "github"
      },
      "original": {
        "owner": "nix-community",
        "repo": "pyproject.nix",
        "type": "github"
      }
    },
    "pyproject-nix_2": {
      "inputs": {
        "nixpkgs": [
          "hermes-agent",
          "nixpkgs"
        ]
      },
      "locked": {
        "lastModified": 1772865871,
        "narHash": "sha256-/ZTSg97aouL0SlPHaokA4r3iuH9QzHVuWPACD2CUCFY=",
        "owner": "pyproject-nix",
        "repo": "pyproject.nix",
        "rev": "e537db02e72d553cea470976b9733581bcf5b3ed",
        "type": "github"
      },
      "original": {
        "owner": "pyproject-nix",
        "repo": "pyproject.nix",
        "type": "github"
      }
    },
    "pyproject-nix_3": {
      "inputs": {
        "nixpkgs": [
          "hermes-agent",
          "uv2nix",
          "nixpkgs"
        ]
      },
      "locked": {
        "lastModified": 1771518446,
        "narHash": "sha256-nFJSfD89vWTu92KyuJWDoTQJuoDuddkJV3TlOl1cOic=",
        "owner": "pyproject-nix",
        "repo": "pyproject.nix",
        "rev": "eb204c6b3335698dec6c7fc1da0ebc3c6df05937",
        "type": "github"
      },
      "original": {
        "owner": "pyproject-nix",
        "repo": "pyproject.nix",
        "type": "github"
      }
    },
    "root": {
      "inputs": {
        "agenix": "agenix",
        "blueprint": "blueprint",
        "claude-desktop-debian": "claude-desktop-debian",
        "devshell": "devshell",
        "disko": "disko",
        "flake-parts": "flake-parts_2",
        "hermes-agent": "hermes-agent",
        "home-manager": "home-manager",
        "nix-comfyui": "nix-comfyui",
        "nix-fast-build": "nix-fast-build",
        "nixos-anywhere": "nixos-anywhere",
        "nixos-facter-modules": "nixos-facter-modules",
        "nixos-generators": "nixos-generators",
        "nixos-hardware": "nixos-hardware",
        "nixpkgs": "nixpkgs_3",
        "nixpkgs-lib": "nixpkgs-lib_2",
        "nixpkgs-unstable": "nixpkgs-unstable",
        "systems": "systems_2",
        "treefmt-nix": "treefmt-nix_2"
      }
    },
    "systems": {
      "locked": {
        "lastModified": 1681028828,
        "narHash": "sha256-Vy1rq5AaRuLzOxct8nz4T6wlgyUR7zLU309k9mBC768=",
        "owner": "nix-systems",
        "repo": "default",
        "rev": "da67096a3b9bf56a91d16901293e51ba5b49a27e",
        "type": "github"
      },
      "original": {
        "owner": "nix-systems",
        "repo": "default",
        "type": "github"
      }
    },
    "systems_2": {
      "locked": {
        "lastModified": 1681028828,
        "narHash": "sha256-Vy1rq5AaRuLzOxct8nz4T6wlgyUR7zLU309k9mBC768=",
        "owner": "nix-systems",
        "repo": "default",
        "rev": "da67096a3b9bf56a91d16901293e51ba5b49a27e",
        "type": "github"
      },
      "original": {
        "owner": "nix-systems",
        "repo": "default",
        "type": "github"
      }
    },
    "treefmt-nix": {
      "inputs": {
        "nixpkgs": [
          "nix-comfyui",
          "poetry2nix",
          "nixpkgs"
        ]
      },
      "locked": {
        "lastModified": 1730120726,
        "narHash": "sha256-LqHYIxMrl/1p3/kvm2ir925tZ8DkI0KA10djk8wecSk=",
        "owner": "numtide",
        "repo": "treefmt-nix",
        "rev": "9ef337e492a5555d8e17a51c911ff1f02635be15",
        "type": "github"
      },
      "original": {
        "owner": "numtide",
        "repo": "treefmt-nix",
        "type": "github"
      }
    },
    "treefmt-nix_2": {
      "inputs": {
        "nixpkgs": [
          "nixpkgs"
        ]
      },
      "locked": {
        "lastModified": 1775636079,
        "narHash": "sha256-pc20NRoMdiar8oPQceQT47UUZMBTiMdUuWrYu2obUP0=",
        "owner": "numtide",
        "repo": "treefmt-nix",
        "rev": "790751ff7fd3801feeaf96d7dc416a8d581265ba",
        "type": "github"
      },
      "original": {
        "owner": "numtide",
        "repo": "treefmt-nix",
        "type": "github"
      }
    },
    "uv2nix": {
      "inputs": {
        "nixpkgs": [
          "hermes-agent",
          "pyproject-build-systems",
          "nixpkgs"
        ],
        "pyproject-nix": [
          "hermes-agent",
          "pyproject-build-systems",
          "pyproject-nix"
        ]
      },
      "locked": {
        "lastModified": 1770770348,
        "narHash": "sha256-A2GzkmzdYvdgmMEu5yxW+xhossP+txrYb7RuzRaqhlg=",
        "owner": "pyproject-nix",
        "repo": "uv2nix",
        "rev": "5d1b2cb4fe3158043fbafbbe2e46238abbc954b0",
        "type": "github"
      },
      "original": {
        "owner": "pyproject-nix",
        "repo": "uv2nix",
        "type": "github"
      }
    },
    "uv2nix_2": {
      "inputs": {
        "nixpkgs": [
          "hermes-agent",
          "nixpkgs"
        ],
        "pyproject-nix": "pyproject-nix_3"
      },
      "locked": {
        "lastModified": 1773039484,
        "narHash": "sha256-+boo33KYkJDw9KItpeEXXv8+65f7hHv/earxpcyzQ0I=",
        "owner": "pyproject-nix",
        "repo": "uv2nix",
        "rev": "b68be7cfeacbed9a3fa38a2b5adc0cfb81d9bb1f",
        "type": "github"
      },
      "original": {
        "owner": "pyproject-nix",
        "repo": "uv2nix",
        "type": "github"
      }
    }
  },
  "root": "root",
  "version": 7
}
